{
  "version": 1,
  "dependencies": {
    "net10.0-windows7.0": {
      "MiniExcel": {
        "type": "Direct",
        "requested": "[1.46.0, )",
        "resolved": "1.46.0",
        "contentHash": "IMmli1Hc3/Axst8hcuUx30q/2HTKH2f3nmduiy59wvpth1u0881fZMEMAy4Inl3GBkdrVXA8UUpF5lyoWREdLQ=="
      }
    },
    "net10.0-windows7.0/win-x64": {}
  }
}